# This file is automatically @generated by Cargo.
# It is not intended for manual editing.
version = 3

[[package]]
name = "read_input"
version = "0.8.6"
source = "registry+https://github.com/rust-lang/crates.io-index"
checksum = "2f178674da3d005db760b30d6735a989d692da37b86337daec6f2e311223d608"

[[package]]
name = "scanrs"
version = "0.3.0"
source = "registry+https://github.com/rust-lang/crates.io-index"
checksum = "ff90aa1fb53a5fef7e7d4214413109e9c96670ce8a6fead5045cfe7dcae98b0e"

[[package]]
name = "simple_calc"
version = "0.1.0"
dependencies = [
 "read_input",
 "scanrs",
]
